
Microsoft Visual Studio Solution File, Format Version 12.00
# Visual Studio Version 17
VisualStudioVersion = 17.8.34309.116
MinimumVisualStudioVersion = 10.0.40219.1
Project("{FAE04EC0-301F-11D3-BF4B-00C04F79EFBC}") = "Section6-1.13", "Section6-1.13\Section6-1.13.csproj", "{3C207AF0-A4A2-4170-8808-574773D45B53}"
EndProject
Global
	GlobalSection(SolutionConfigurationPlatforms) = preSolution
		Debug|Any CPU = Debug|Any CPU
		Release|Any CPU = Release|Any CPU
	EndGlobalSection
	GlobalSection(ProjectConfigurationPlatforms) = postSolution
		{3C207AF0-A4A2-4170-8808-574773D45B53}.Debug|Any CPU.ActiveCfg = Debug|Any CPU
		{3C207AF0-A4A2-4170-8808-574773D45B53}.Debug|Any CPU.Build.0 = Debug|Any CPU
		{3C207AF0-A4A2-4170-8808-574773D45B53}.Release|Any CPU.ActiveCfg = Release|Any CPU
		{3C207AF0-A4A2-4170-8808-574773D45B53}.Release|Any CPU.Build.0 = Release|Any CPU
	EndGlobalSection
	GlobalSection(SolutionProperties) = preSolution
		HideSolutionNode = FALSE
	EndGlobalSection
	GlobalSection(ExtensibilityGlobals) = postSolution
		SolutionGuid = {FD7F215E-445A-4E06-82F6-CAD6EDFC14B7}
	EndGlobalSection
EndGlobal
